
Microsoft Visual Studio Solution File, Format Version 12.00
# Visual Studio Version 17
VisualStudioVersion = 17.9.34902.65
MinimumVisualStudioVersion = 10.0.40219.1
Project("{9A19103F-16F7-4668-BE54-9A1E7A4F7556}") = "MvcStartApp", "MvcStartApp\MvcStartApp.csproj", "{5DC11434-1AE5-41D9-92BD-B70BC108161C}"
EndProject
Global
	GlobalSection(SolutionConfigurationPlatforms) = preSolution
		Debug|Any CPU = Debug|Any CPU
		Release|Any CPU = Release|Any CPU
	EndGlobalSection
	GlobalSection(ProjectConfigurationPlatforms) = postSolution
		{5DC11434-1AE5-41D9-92BD-B70BC108161C}.Debug|Any CPU.ActiveCfg = Debug|Any CPU
		{5DC11434-1AE5-41D9-92BD-B70BC108161C}.Debug|Any CPU.Build.0 = Debug|Any CPU
		{5DC11434-1AE5-41D9-92BD-B70BC108161C}.Release|Any CPU.ActiveCfg = Release|Any CPU
		{5DC11434-1AE5-41D9-92BD-B70BC108161C}.Release|Any CPU.Build.0 = Release|Any CPU
	EndGlobalSection
	GlobalSection(SolutionProperties) = preSolution
		HideSolutionNode = FALSE
	EndGlobalSection
	GlobalSection(ExtensibilityGlobals) = postSolution
		SolutionGuid = {4C725CE1-5BBF-476B-B62D-74359D55A732}
	EndGlobalSection
EndGlobal
